// !$*UTF8*$!
{
	archiveVersion = 1;
	classes = {
	};
	objectVersion = 46;
	objects = {

/* Begin PBXBuildFile section */
		7358725D1DBDA57900B1886E /* AppDelegate.swift in Sources */ = {isa = PBXBuildFile; fileRef = 7358725C1DBDA57900B1886E /* AppDelegate.swift */; };
		7358725F1DBDA57900B1886E /* ViewController.swift in Sources */ = {isa = PBXBuildFile; fileRef = 7358725E1DBDA57900B1886E /* ViewController.swift */; };
		735872621DBDA57900B1886E /* Main.storyboard in Resources */ = {isa = PBXBuildFile; fileRef = 735872601DBDA57900B1886E /* Main.storyboard */; };
		735872641DBDA57900B1886E /* Assets.xcassets in Resources */ = {isa = PBXBuildFile; fileRef = 735872631DBDA57900B1886E /* Assets.xcassets */; };
		735872671DBDA57900B1886E /* LaunchScreen.storyboard in Resources */ = {isa = PBXBuildFile; fileRef = 735872651DBDA57900B1886E /* LaunchScreen.storyboard */; };
/* End PBXBuildFile section */

/* Begin PBXFileReference section */
		735872591DBDA57900B1886E /* MyBook.app */ = {isa = PBXFileReference; explicitFileType = wrapper.application; includeInIndex = 0; path = MyBook.app; sourceTree = BUILT_PRODUCTS_DIR; };
		7358725C1DBDA57900B1886E /* AppDelegate.swift */ = {isa = PBXFileReference; lastKnownFileType = sourcecode.swift; path = AppDelegate.swift; sourceTree = "<group>"; };
		7358725E1DBDA57900B1886E /* ViewController.swift */ = {isa = PBXFileReference; lastKnownFileType = sourcecode.swift; path = ViewController.swift; sourceTree = "<group>"; };
		735872611DBDA57900B1886E /* Base */ = {isa = PBXFileReference; lastKnownFileType = file.storyboard; name = Base; path = Base.lproj/Main.storyboard; sourceTree = "<group>"; };
		735872631DBDA57900B1886E /* Assets.xcassets */ = {isa = PBXFileReference; lastKnownFileType = folder.assetcatalog; path = Assets.xcassets; sourceTree = "<group>"; };
		735872661DBDA57900B1886E /* Base */ = {isa = PBXFileReference; lastKnownFileType = file.storyboard; name = Base; path = Base.lproj/LaunchScreen.storyboard; sourceTree = "<group>"; };
		735872681DBDA57900B1886E /* Info.plist */ = {isa = PBXFileReference; lastKnownFileType = text.plist.xml; path = Info.plist; sourceTree = "<group>"; };
/* End PBXFileReference section */

/* Begin PBXFrameworksBuildPhase section */
		735872561DBDA57900B1886E /* Frameworks */ = {
			isa = PBXFrameworksBuildPhase;
			buildActionMask = 2147483647;
			files = (
			);
			runOnlyForDeploymentPostprocessing = 0;
		};
/* End PBXFrameworksBuildPhase section */

/* Begin PBXGroup section */
		735872501DBDA57900B1886E = {
			isa = PBXGroup;
			children = (
				7358725B1DBDA57900B1886E /* MyBook */,
				7358725A1DBDA57900B1886E /* Products */,
			);
			sourceTree = "<group>";
		};
		7358725A1DBDA57900B1886E /* Products */ = {
			isa = PBXGroup;
			children = (
				735872591DBDA57900B1886E /* MyBook.app */,
			);
			name = Products;
			sourceTree = "<group>";
		};
		7358725B1DBDA57900B1886E /* MyBook */ = {
			isa = PBXGroup;
			children = (
				7358725C1DBDA57900B1886E /* AppDelegate.swift */,
				7358725E1DBDA57900B1886E /* ViewController.swift */,
				735872601DBDA57900B1886E /* Main.storyboard */,
				735872631DBDA57900B1886E /* Assets.xcassets */,
				735872651DBDA57900B1886E /* LaunchScreen.storyboard */,
				735872681DBDA57900B1886E /* Info.plist */,
			);
			path = MyBook;
			sourceTree = "<group>";
		};
/* End PBXGroup section */

/* Begin PBXNativeTarget section */
		735872581DBDA57900B1886E /* MyBook */ = {
			isa = PBXNativeTarget;
			buildConfigurationList = 7358726B1DBDA57900B1886E /* Build configuration list for PBXNativeTarget "MyBook" */;
			buildPhases = (
				735872551DBDA57900B1886E /* Sources */,
				735872561DBDA57900B1886E /* Frameworks */,
				735872571DBDA57900B1886E /* Resources */,
			);
			buildRules = (
			);
			dependencies = (
			);
			name = MyBook;
			productName = MyBook;
			productReference = 735872591DBDA57900B1886E /* MyBook.app */;
			productType = "com.apple.product-type.application";
		};
/* End PBXNativeTarget section */

/* Begin PBXProject section */
		735872511DBDA57900B1886E /* Project object */ = {
			isa = PBXProject;
			attributes = {
				LastSwiftUpdateCheck = 0800;
				LastUpgradeCheck = 0800;
				ORGANIZATIONNAME = PIRATE;
				TargetAttributes = {
					735872581DBDA57900B1886E = {
						CreatedOnToolsVersion = 8.0;
						ProvisioningStyle = Automatic;
					};
				};
			};
			buildConfigurationList = 735872541DBDA57900B1886E /* Build configuration list for PBXProject "MyBook" */;
			compatibilityVersion = "Xcode 3.2";
			developmentRegion = English;
			hasScannedForEncodings = 0;
			knownRegions = (
				en,
				Base,
			);
			mainGroup = 735872501DBDA57900B1886E;
			productRefGroup = 7358725A1DBDA57900B1886E /* Products */;
			projectDirPath = "";
			projectRoot = "";
			targets = (
				735872581DBDA57900B1886E /* MyBook */,
			);
		};
/* End PBXProject section */

/* Begin PBXResourcesBuildPhase section */
		735872571DBDA57900B1886E /* Resources */ = {
			isa = PBXResourcesBuildPhase;
			buildActionMask = 2147483647;
			files = (
				735872671DBDA57900B1886E /* LaunchScreen.storyboard in Resources */,
				735872641DBDA57900B1886E /* Assets.xcassets in Resources */,
				735872621DBDA57900B1886E /* Main.storyboard in Resources */,
			);
			runOnlyForDeploymentPostprocessing = 0;
		};
/* End PBXResourcesBuildPhase section */

/* Begin PBXSourcesBuildPhase section */
		735872551DBDA57900B1886E /* Sources */ = {
			isa = PBXSourcesBuildPhase;
			buildActionMask = 2147483647;
			files = (
				7358725F1DBDA57900B1886E /* ViewController.swift in Sources */,
				7358725D1DBDA57900B1886E /* AppDelegate.swift in Sources */,
			);
			runOnlyForDeploymentPostprocessing = 0;
		};
/* End PBXSourcesBuildPhase section */

/* Begin PBXVariantGroup section */
		735872601DBDA57900B1886E /* Main.storyboard */ = {
			isa = PBXVariantGroup;
			children = (
				735872611DBDA57900B1886E /* Base */,
			);
			name = Main.storyboard;
			sourceTree = "<group>";
		};
		735872651DBDA57900B1886E /* LaunchScreen.storyboard */ = {
			isa = PBXVariantGroup;
			children = (
				735872661DBDA57900B1886E /* Base */,
			);
			name = LaunchScreen.storyboard;
			sourceTree = "<group>";
		};
/* End PBXVariantGroup section */

/* Begin XCBuildConfiguration section */
		735872691DBDA57900B1886E /* Debug */ = {
			isa = XCBuildConfiguration;
			buildSettings = {
				ALWAYS_SEARCH_USER_PATHS = NO;
				CLANG_ANALYZER_NONNULL = YES;
				CLANG_CXX_LANGUAGE_STANDARD = "gnu++0x";
				CLANG_CXX_LIBRARY = "libc++";
				CLANG_ENABLE_MODULES = YES;
				CLANG_ENABLE_OBJC_ARC = YES;
				CLANG_WARN_BOOL_CONVERSION = YES;
				CLANG_WARN_CONSTANT_CONVERSION = YES;
				CLANG_WARN_DIRECT_OBJC_ISA_USAGE = YES_ERROR;
				CLANG_WARN_DOCUMENTATION_COMMENTS = YES;
				CLANG_WARN_EMPTY_BODY = YES;
				CLANG_WARN_ENUM_CONVERSION = YES;
				CLANG_WARN_INFINITE_RECURSION = YES;
				CLANG_WARN_INT_CONVERSION = YES;
				CLANG_WARN_OBJC_ROOT_CLASS = YES_ERROR;
				CLANG_WARN_SUSPICIOUS_MOVES = YES;
				CLANG_WARN_UNREACHABLE_CODE = YES;
				CLANG_WARN__DUPLICATE_METHOD_MATCH = YES;
				"CODE_SIGN_IDENTITY[sdk=iphoneos*]" = "iPhone Developer";
				COPY_PHASE_STRIP = NO;
				DEBUG_INFORMATION_FORMAT = dwarf;
				ENABLE_STRICT_OBJC_MSGSEND = YES;
				ENABLE_TESTABILITY = YES;
				GCC_C_LANGUAGE_STANDARD = gnu99;
				GCC_DYNAMIC_NO_PIC = NO;
				GCC_NO_COMMON_BLOCKS = YES;
				GCC_OPTIMIZATION_LEVEL = 0;
				GCC_PREPROCESSOR_DEFINITIONS = (
					"DEBUG=1",
					"$(inherited)",
				);
				GCC_WARN_64_TO_32_BIT_CONVERSION = YES;
				GCC_WARN_ABOUT_RETURN_TYPE = YES_ERROR;
				GCC_WARN_UNDECLARED_SELECTOR = YES;
				GCC_WARN_UNINITIALIZED_AUTOS = YES_AGGRESSIVE;
				GCC_WARN_UNUSED_FUNCTION = YES;
				GCC_WARN_UNUSED_VARIABLE = YES;
				IPHONEOS_DEPLOYMENT_TARGET = 10.0;
				MTL_ENABLE_DEBUG_INFO = YES;
				ONLY_ACTIVE_ARCH = YES;
				SDKROOT = iphoneos;
				SWIFT_ACTIVE_COMPILATION_CONDITIONS = DEBUG;
				SWIFT_OPTIMIZATION_LEVEL = "-Onone";
			};
			name = Debug;
		};
		7358726A1DBDA57900B1886E /* Release */ = {
			isa = XCBuildConfiguration;
			buildSettings = {
				ALWAYS_SEARCH_USER_PATHS = NO;
				CLANG_ANALYZER_NONNULL = YES;
				CLANG_CXX_LANGUAGE_STANDARD = "gnu++0x";
				CLANG_CXX_LIBRARY = "libc++";
				CLANG_ENABLE_MODULES = YES;
				CLANG_ENABLE_OBJC_ARC = YES;
				CLANG_WARN_BOOL_CONVERSION = YES;
				CLANG_WARN_CONSTANT_CONVERSION = YES;
				CLANG_WARN_DIRECT_OBJC_ISA_USAGE = YES_ERROR;
				CLANG_WARN_DOCUMENTATION_COMMENTS = YES;
				CLANG_WARN_EMPTY_BODY = YES;
				CLANG_WARN_ENUM_CONVERSION = YES;
				CLANG_WARN_INFINITE_RECURSION = YES;
				CLANG_WARN_INT_CONVERSION = YES;
				CLANG_WARN_OBJC_ROOT_CLASS = YES_ERROR;
				CLANG_WARN_SUSPICIOUS_MOVES = YES;
				CLANG_WARN_UNREACHABLE_CODE = YES;
				CLANG_WARN__DUPLICATE_METHOD_MATCH = YES;
				"CODE_SIGN_IDENTITY[sdk=iphoneos*]" = "iPhone Developer";
				COPY_PHASE_STRIP = NO;
				DEBUG_INFORMATION_FORMAT = "dwarf-with-dsym";
				ENABLE_NS_ASSERTIONS = NO;
				ENABLE_STRICT_OBJC_MSGSEND = YES;
				GCC_C_LANGUAGE_STANDARD = gnu99;
				GCC_NO_COMMON_BLOCKS = YES;
				GCC_WARN_64_TO_32_BIT_CONVERSION = YES;
				GCC_WARN_ABOUT_RETURN_TYPE = YES_ERROR;
				GCC_WARN_UNDECLARED_SELECTOR = YES;
				GCC_WARN_UNINITIALIZED_AUTOS = YES_AGGRESSIVE;
				GCC_WARN_UNUSED_FUNCTION = YES;
				GCC_WARN_UNUSED_VARIABLE = YES;
				IPHONEOS_DEPLOYMENT_TARGET = 10.0;
				MTL_ENABLE_DEBUG_INFO = NO;
				SDKROOT = iphoneos;
				SWIFT_OPTIMIZATION_LEVEL = "-Owholemodule";
				VALIDATE_PRODUCT = YES;
			};
			name = Release;
		};
		7358726C1DBDA57900B1886E /* Debug */ = {
			isa = XCBuildConfiguration;
			buildSettings = {
				ASSETCATALOG_COMPILER_APPICON_NAME = AppIcon;
				INFOPLIST_FILE = MyBook/Info.plist;
				LD_RUNPATH_SEARCH_PATHS = "$(inherited) @executable_path/Frameworks";
				PRODUCT_BUNDLE_IDENTIFIER = pirate.MyBook;
				PRODUCT_NAME = "$(TARGET_NAME)";
				SWIFT_VERSION = 3.0;
			};
			name = Debug;
		};
		7358726D1DBDA57900B1886E /* Release */ = {
			isa = XCBuildConfiguration;
			buildSettings = {
				ASSETCATALOG_COMPILER_APPICON_NAME = AppIcon;
				INFOPLIST_FILE = MyBook/Info.plist;
				LD_RUNPATH_SEARCH_PATHS = "$(inherited) @executable_path/Frameworks";
				PRODUCT_BUNDLE_IDENTIFIER = pirate.MyBook;
				PRODUCT_NAME = "$(TARGET_NAME)";
				SWIFT_VERSION = 3.0;
			};
			name = Release;
		};
/* End XCBuildConfiguration section */

/* Begin XCConfigurationList section */
		735872541DBDA57900B1886E /* Build configuration list for PBXProject "MyBook" */ = {
			isa = XCConfigurationList;
			buildConfigurations = (
				735872691DBDA57900B1886E /* Debug */,
				7358726A1DBDA57900B1886E /* Release */,
			);
			defaultConfigurationIsVisible = 0;
			defaultConfigurationName = Release;
		};
		7358726B1DBDA57900B1886E /* Build configuration list for PBXNativeTarget "MyBook" */ = {
			isa = XCConfigurationList;
			buildConfigurations = (
				7358726C1DBDA57900B1886E /* Debug */,
				7358726D1DBDA57900B1886E /* Release */,
			);
			defaultConfigurationIsVisible = 0;
		};
/* End XCConfigurationList section */
	};
	rootObject = 735872511DBDA57900B1886E /* Project object */;
}
